// !$*UTF8*$!
{
	archiveVersion = 1;
	classes = {
	};
	objectVersion = 46;
	objects = {

/* Begin PBXBuildFile section */
		7CF49D191C9BE1D500A5015F /* main.m in Sources */ = {isa = PBXBuildFile; fileRef = 7CF49D181C9BE1D500A5015F /* main.m */; };
		7CF49D1C1C9BE1D500A5015F /* AppDelegate.m in Sources */ = {isa = PBXBuildFile; fileRef = 7CF49D1B1C9BE1D500A5015F /* AppDelegate.m */; };
		7CF49D1F1C9BE1D500A5015F /* ViewController.m in Sources */ = {isa = PBXBuildFile; fileRef = 7CF49D1E1C9BE1D500A5015F /* ViewController.m */; };
		7CF49D221C9BE1D500A5015F /* Main.storyboard in Resources */ = {isa = PBXBuildFile; fileRef = 7CF49D201C9BE1D500A5015F /* Main.storyboard */; };
		7CF49D251C9BE1D600A5015F /* sampleDemo.xcdatamodeld in Sources */ = {isa = PBXBuildFile; fileRef = 7CF49D231C9BE1D500A5015F /* sampleDemo.xcdatamodeld */; };
		7CF49D271C9BE1D600A5015F /* Assets.xcassets in Resources */ = {isa = PBXBuildFile; fileRef = 7CF49D261C9BE1D600A5015F /* Assets.xcassets */; };
		7CF49D2A1C9BE1D600A5015F /* LaunchScreen.storyboard in Resources */ = {isa = PBXBuildFile; fileRef = 7CF49D281C9BE1D600A5015F /* LaunchScreen.storyboard */; };
/* End PBXBuildFile section */

/* Begin PBXFileReference section */
		7CF49D141C9BE1D500A5015F /* sampleDemo.app */ = {isa = PBXFileReference; explicitFileType = wrapper.application; includeInIndex = 0; path = sampleDemo.app; sourceTree = BUILT_PRODUCTS_DIR; };
		7CF49D181C9BE1D500A5015F /* main.m */ = {isa = PBXFileReference; lastKnownFileType = sourcecode.c.objc; path = main.m; sourceTree = "<group>"; };
		7CF49D1A1C9BE1D500A5015F /* AppDelegate.h */ = {isa = PBXFileReference; lastKnownFileType = sourcecode.c.h; path = AppDelegate.h; sourceTree = "<group>"; };
		7CF49D1B1C9BE1D500A5015F /* AppDelegate.m */ = {isa = PBXFileReference; lastKnownFileType = sourcecode.c.objc; path = AppDelegate.m; sourceTree = "<group>"; };
		7CF49D1D1C9BE1D500A5015F /* ViewController.h */ = {isa = PBXFileReference; lastKnownFileType = sourcecode.c.h; path = ViewController.h; sourceTree = "<group>"; };
		7CF49D1E1C9BE1D500A5015F /* ViewController.m */ = {isa = PBXFileReference; lastKnownFileType = sourcecode.c.objc; path = ViewController.m; sourceTree = "<group>"; };
		7CF49D211C9BE1D500A5015F /* Base */ = {isa = PBXFileReference; lastKnownFileType = file.storyboard; name = Base; path = Base.lproj/Main.storyboard; sourceTree = "<group>"; };
		7CF49D241C9BE1D500A5015F /* sampleDemo.xcdatamodel */ = {isa = PBXFileReference; lastKnownFileType = wrapper.xcdatamodel; path = sampleDemo.xcdatamodel; sourceTree = "<group>"; };
		7CF49D261C9BE1D600A5015F /* Assets.xcassets */ = {isa = PBXFileReference; lastKnownFileType = folder.assetcatalog; path = Assets.xcassets; sourceTree = "<group>"; };
		7CF49D291C9BE1D600A5015F /* Base */ = {isa = PBXFileReference; lastKnownFileType = file.storyboard; name = Base; path = Base.lproj/LaunchScreen.storyboard; sourceTree = "<group>"; };
		7CF49D2B1C9BE1D600A5015F /* Info.plist */ = {isa = PBXFileReference; lastKnownFileType = text.plist.xml; path = Info.plist; sourceTree = "<group>"; };
/* End PBXFileReference section */

/* Begin PBXFrameworksBuildPhase section */
		7CF49D111C9BE1D500A5015F /* Frameworks */ = {
			isa = PBXFrameworksBuildPhase;
			buildActionMask = 2147483647;
			files = (
			);
			runOnlyForDeploymentPostprocessing = 0;
		};
/* End PBXFrameworksBuildPhase section */

/* Begin PBXGroup section */
		7CF49D0B1C9BE1D500A5015F = {
			isa = PBXGroup;
			children = (
				7CF49D161C9BE1D500A5015F /* sampleDemo */,
				7CF49D151C9BE1D500A5015F /* Products */,
			);
			sourceTree = "<group>";
		};
		7CF49D151C9BE1D500A5015F /* Products */ = {
			isa = PBXGroup;
			children = (
				7CF49D141C9BE1D500A5015F /* sampleDemo.app */,
			);
			name = Products;
			sourceTree = "<group>";
		};
		7CF49D161C9BE1D500A5015F /* sampleDemo */ = {
			isa = PBXGroup;
			children = (
				7CF49D1A1C9BE1D500A5015F /* AppDelegate.h */,
				7CF49D1B1C9BE1D500A5015F /* AppDelegate.m */,
				7CF49D1D1C9BE1D500A5015F /* ViewController.h */,
				7CF49D1E1C9BE1D500A5015F /* ViewController.m */,
				7CF49D201C9BE1D500A5015F /* Main.storyboard */,
				7CF49D261C9BE1D600A5015F /* Assets.xcassets */,
				7CF49D281C9BE1D600A5015F /* LaunchScreen.storyboard */,
				7CF49D2B1C9BE1D600A5015F /* Info.plist */,
				7CF49D231C9BE1D500A5015F /* sampleDemo.xcdatamodeld */,
				7CF49D171C9BE1D500A5015F /* Supporting Files */,
			);
			path = sampleDemo;
			sourceTree = "<group>";
		};
		7CF49D171C9BE1D500A5015F /* Supporting Files */ = {
			isa = PBXGroup;
			children = (
				7CF49D181C9BE1D500A5015F /* main.m */,
			);
			name = "Supporting Files";
			sourceTree = "<group>";
		};
/* End PBXGroup section */

/* Begin PBXNativeTarget section */
		7CF49D131C9BE1D500A5015F /* sampleDemo */ = {
			isa = PBXNativeTarget;
			buildConfigurationList = 7CF49D2E1C9BE1D600A5015F /* Build configuration list for PBXNativeTarget "sampleDemo" */;
			buildPhases = (
				7CF49D101C9BE1D500A5015F /* Sources */,
				7CF49D111C9BE1D500A5015F /* Frameworks */,
				7CF49D121C9BE1D500A5015F /* Resources */,
			);
			buildRules = (
			);
			dependencies = (
			);
			name = sampleDemo;
			productName = sampleDemo;
			productReference = 7CF49D141C9BE1D500A5015F /* sampleDemo.app */;
			productType = "com.apple.product-type.application";
		};
/* End PBXNativeTarget section */

/* Begin PBXProject section */
		7CF49D0C1C9BE1D500A5015F /* Project object */ = {
			isa = PBXProject;
			attributes = {
				LastUpgradeCheck = 0720;
				ORGANIZATIONNAME = "eDreamz Technologies pvt. ltd";
				TargetAttributes = {
					7CF49D131C9BE1D500A5015F = {
						CreatedOnToolsVersion = 7.2;
					};
				};
			};
			buildConfigurationList = 7CF49D0F1C9BE1D500A5015F /* Build configuration list for PBXProject "sampleDemo" */;
			compatibilityVersion = "Xcode 3.2";
			developmentRegion = English;
			hasScannedForEncodings = 0;
			knownRegions = (
				en,
				Base,
			);
			mainGroup = 7CF49D0B1C9BE1D500A5015F;
			productRefGroup = 7CF49D151C9BE1D500A5015F /* Products */;
			projectDirPath = "";
			projectRoot = "";
			targets = (
				7CF49D131C9BE1D500A5015F /* sampleDemo */,
			);
		};
/* End PBXProject section */

/* Begin PBXResourcesBuildPhase section */
		7CF49D121C9BE1D500A5015F /* Resources */ = {
			isa = PBXResourcesBuildPhase;
			buildActionMask = 2147483647;
			files = (
				7CF49D2A1C9BE1D600A5015F /* LaunchScreen.storyboard in Resources */,
				7CF49D271C9BE1D600A5015F /* Assets.xcassets in Resources */,
				7CF49D221C9BE1D500A5015F /* Main.storyboard in Resources */,
			);
			runOnlyForDeploymentPostprocessing = 0;
		};
/* End PBXResourcesBuildPhase section */

/* Begin PBXSourcesBuildPhase section */
		7CF49D101C9BE1D500A5015F /* Sources */ = {
			isa = PBXSourcesBuildPhase;
			buildActionMask = 2147483647;
			files = (
				7CF49D1F1C9BE1D500A5015F /* ViewController.m in Sources */,
				7CF49D1C1C9BE1D500A5015F /* AppDelegate.m in Sources */,
				7CF49D251C9BE1D600A5015F /* sampleDemo.xcdatamodeld in Sources */,
				7CF49D191C9BE1D500A5015F /* main.m in Sources */,
			);
			runOnlyForDeploymentPostprocessing = 0;
		};
/* End PBXSourcesBuildPhase section */

/* Begin PBXVariantGroup section */
		7CF49D201C9BE1D500A5015F /* Main.storyboard */ = {
			isa = PBXVariantGroup;
			children = (
				7CF49D211C9BE1D500A5015F /* Base */,
			);
			name = Main.storyboard;
			sourceTree = "<group>";
		};
		7CF49D281C9BE1D600A5015F /* LaunchScreen.storyboard */ = {
			isa = PBXVariantGroup;
			children = (
				7CF49D291C9BE1D600A5015F /* Base */,
			);
			name = LaunchScreen.storyboard;
			sourceTree = "<group>";
		};
/* End PBXVariantGroup section */

/* Begin XCBuildConfiguration section */
		7CF49D2C1C9BE1D600A5015F /* Debug */ = {
			isa = XCBuildConfiguration;
			buildSettings = {
				ALWAYS_SEARCH_USER_PATHS = NO;
				CLANG_CXX_LANGUAGE_STANDARD = "gnu++0x";
				CLANG_CXX_LIBRARY = "libc++";
				CLANG_ENABLE_MODULES = YES;
				CLANG_ENABLE_OBJC_ARC = YES;
				CLANG_WARN_BOOL_CONVERSION = YES;
				CLANG_WARN_CONSTANT_CONVERSION = YES;
				CLANG_WARN_DIRECT_OBJC_ISA_USAGE = YES_ERROR;
				CLANG_WARN_EMPTY_BODY = YES;
				CLANG_WARN_ENUM_CONVERSION = YES;
				CLANG_WARN_INT_CONVERSION = YES;
				CLANG_WARN_OBJC_ROOT_CLASS = YES_ERROR;
				CLANG_WARN_UNREACHABLE_CODE = YES;
				CLANG_WARN__DUPLICATE_METHOD_MATCH = YES;
				"CODE_SIGN_IDENTITY[sdk=iphoneos*]" = "iPhone Developer";
				COPY_PHASE_STRIP = NO;
				DEBUG_INFORMATION_FORMAT = dwarf;
				ENABLE_STRICT_OBJC_MSGSEND = YES;
				ENABLE_TESTABILITY = YES;
				GCC_C_LANGUAGE_STANDARD = gnu99;
				GCC_DYNAMIC_NO_PIC = NO;
				GCC_NO_COMMON_BLOCKS = YES;
				GCC_OPTIMIZATION_LEVEL = 0;
				GCC_PREPROCESSOR_DEFINITIONS = (
					"DEBUG=1",
					"$(inherited)",
				);
				GCC_WARN_64_TO_32_BIT_CONVERSION = YES;
				GCC_WARN_ABOUT_RETURN_TYPE = YES_ERROR;
				GCC_WARN_UNDECLARED_SELECTOR = YES;
				GCC_WARN_UNINITIALIZED_AUTOS = YES_AGGRESSIVE;
				GCC_WARN_UNUSED_FUNCTION = YES;
				GCC_WARN_UNUSED_VARIABLE = YES;
				IPHONEOS_DEPLOYMENT_TARGET = 9.2;
				MTL_ENABLE_DEBUG_INFO = YES;
				ONLY_ACTIVE_ARCH = YES;
				SDKROOT = iphoneos;
				TARGETED_DEVICE_FAMILY = "1,2";
			};
			name = Debug;
		};
		7CF49D2D1C9BE1D600A5015F /* Release */ = {
			isa = XCBuildConfiguration;
			buildSettings = {
				ALWAYS_SEARCH_USER_PATHS = NO;
				CLANG_CXX_LANGUAGE_STANDARD = "gnu++0x";
				CLANG_CXX_LIBRARY = "libc++";
				CLANG_ENABLE_MODULES = YES;
				CLANG_ENABLE_OBJC_ARC = YES;
				CLANG_WARN_BOOL_CONVERSION = YES;
				CLANG_WARN_CONSTANT_CONVERSION = YES;
				CLANG_WARN_DIRECT_OBJC_ISA_USAGE = YES_ERROR;
				CLANG_WARN_EMPTY_BODY = YES;
				CLANG_WARN_ENUM_CONVERSION = YES;
				CLANG_WARN_INT_CONVERSION = YES;
				CLANG_WARN_OBJC_ROOT_CLASS = YES_ERROR;
				CLANG_WARN_UNREACHABLE_CODE = YES;
				CLANG_WARN__DUPLICATE_METHOD_MATCH = YES;
				"CODE_SIGN_IDENTITY[sdk=iphoneos*]" = "iPhone Developer";
				COPY_PHASE_STRIP = NO;
				DEBUG_INFORMATION_FORMAT = "dwarf-with-dsym";
				ENABLE_NS_ASSERTIONS = NO;
				ENABLE_STRICT_OBJC_MSGSEND = YES;
				GCC_C_LANGUAGE_STANDARD = gnu99;
				GCC_NO_COMMON_BLOCKS = YES;
				GCC_WARN_64_TO_32_BIT_CONVERSION = YES;
				GCC_WARN_ABOUT_RETURN_TYPE = YES_ERROR;
				GCC_WARN_UNDECLARED_SELECTOR = YES;
				GCC_WARN_UNINITIALIZED_AUTOS = YES_AGGRESSIVE;
				GCC_WARN_UNUSED_FUNCTION = YES;
				GCC_WARN_UNUSED_VARIABLE = YES;
				IPHONEOS_DEPLOYMENT_TARGET = 9.2;
				MTL_ENABLE_DEBUG_INFO = NO;
				SDKROOT = iphoneos;
				TARGETED_DEVICE_FAMILY = "1,2";
				VALIDATE_PRODUCT = YES;
			};
			name = Release;
		};
		7CF49D2F1C9BE1D600A5015F /* Debug */ = {
			isa = XCBuildConfiguration;
			buildSettings = {
				ASSETCATALOG_COMPILER_APPICON_NAME = AppIcon;
				INFOPLIST_FILE = sampleDemo/Info.plist;
				LD_RUNPATH_SEARCH_PATHS = "$(inherited) @executable_path/Frameworks";
				PRODUCT_BUNDLE_IDENTIFIER = com.wildcard.test.sampleDemo;
				PRODUCT_NAME = "$(TARGET_NAME)";
			};
			name = Debug;
		};
		7CF49D301C9BE1D600A5015F /* Release */ = {
			isa = XCBuildConfiguration;
			buildSettings = {
				ASSETCATALOG_COMPILER_APPICON_NAME = AppIcon;
				INFOPLIST_FILE = sampleDemo/Info.plist;
				LD_RUNPATH_SEARCH_PATHS = "$(inherited) @executable_path/Frameworks";
				PRODUCT_BUNDLE_IDENTIFIER = com.wildcard.test.sampleDemo;
				PRODUCT_NAME = "$(TARGET_NAME)";
			};
			name = Release;
		};
/* End XCBuildConfiguration section */

/* Begin XCConfigurationList section */
		7CF49D0F1C9BE1D500A5015F /* Build configuration list for PBXProject "sampleDemo" */ = {
			isa = XCConfigurationList;
			buildConfigurations = (
				7CF49D2C1C9BE1D600A5015F /* Debug */,
				7CF49D2D1C9BE1D600A5015F /* Release */,
			);
			defaultConfigurationIsVisible = 0;
			defaultConfigurationName = Release;
		};
		7CF49D2E1C9BE1D600A5015F /* Build configuration list for PBXNativeTarget "sampleDemo" */ = {
			isa = XCConfigurationList;
			buildConfigurations = (
				7CF49D2F1C9BE1D600A5015F /* Debug */,
				7CF49D301C9BE1D600A5015F /* Release */,
			);
			defaultConfigurationIsVisible = 0;
		};
/* End XCConfigurationList section */

/* Begin XCVersionGroup section */
		7CF49D231C9BE1D500A5015F /* sampleDemo.xcdatamodeld */ = {
			isa = XCVersionGroup;
			children = (
				7CF49D241C9BE1D500A5015F /* sampleDemo.xcdatamodel */,
			);
			currentVersion = 7CF49D241C9BE1D500A5015F /* sampleDemo.xcdatamodel */;
			path = sampleDemo.xcdatamodeld;
			sourceTree = "<group>";
			versionGroupType = wrapper.xcdatamodel;
		};
/* End XCVersionGroup section */
	};
	rootObject = 7CF49D0C1C9BE1D500A5015F /* Project object */;
}
